
Microsoft Visual Studio Solution File, Format Version 12.00
# Visual Studio Version 17
VisualStudioVersion = 17.7.34221.43
MinimumVisualStudioVersion = 10.0.40219.1
Project("{FAE04EC0-301F-11D3-BF4B-00C04F79EFBC}") = "Assignment8", "Assignment8\Assignment8.csproj", "{C1DACAA1-343A-4A25-8D83-4EB381A6B48A}"
EndProject
Global
	GlobalSection(SolutionConfigurationPlatforms) = preSolution
		Debug|Any CPU = Debug|Any CPU
		Release|Any CPU = Release|Any CPU
	EndGlobalSection
	GlobalSection(ProjectConfigurationPlatforms) = postSolution
		{C1DACAA1-343A-4A25-8D83-4EB381A6B48A}.Debug|Any CPU.ActiveCfg = Debug|Any CPU
		{C1DACAA1-343A-4A25-8D83-4EB381A6B48A}.Debug|Any CPU.Build.0 = Debug|Any CPU
		{C1DACAA1-343A-4A25-8D83-4EB381A6B48A}.Release|Any CPU.ActiveCfg = Release|Any CPU
		{C1DACAA1-343A-4A25-8D83-4EB381A6B48A}.Release|Any CPU.Build.0 = Release|Any CPU
	EndGlobalSection
	GlobalSection(SolutionProperties) = preSolution
		HideSolutionNode = FALSE
	EndGlobalSection
	GlobalSection(ExtensibilityGlobals) = postSolution
		SolutionGuid = {211021AF-3DBD-4DBE-935C-44B67C0D5C1E}
	EndGlobalSection
EndGlobal
